// !$*UTF8*$!
{
	archiveVersion = 1;
	classes = {
	};
	objectVersion = 63;
	objects = {

/* Begin PBXBuildFile section */
		892169692C41259E00DE277A /* ToolsView.swift in Sources */ = {isa = PBXBuildFile; fileRef = 892169682C41259E00DE277A /* ToolsView.swift */; };
		8921696D2C412A6200DE277A /* BluetoothManager.swift in Sources */ = {isa = PBXBuildFile; fileRef = 8921696C2C412A6200DE277A /* BluetoothManager.swift */; };
		893D143D2C41454B00747411 /* KinetixPeripheral.swift in Sources */ = {isa = PBXBuildFile; fileRef = 893D143C2C41454B00747411 /* KinetixPeripheral.swift */; };
		89CB41F82C381C6400348279 /* KinetixHandControlApp.swift in Sources */ = {isa = PBXBuildFile; fileRef = 89CB41F72C381C6400348279 /* KinetixHandControlApp.swift */; };
		89CB41FA2C381C6400348279 /* ContentView.swift in Sources */ = {isa = PBXBuildFile; fileRef = 89CB41F92C381C6400348279 /* ContentView.swift */; };
		89CB41FC2C381C6500348279 /* Assets.xcassets in Resources */ = {isa = PBXBuildFile; fileRef = 89CB41FB2C381C6500348279 /* Assets.xcassets */; };
		89CB41FF2C381C6500348279 /* Preview Assets.xcassets in Resources */ = {isa = PBXBuildFile; fileRef = 89CB41FE2C381C6500348279 /* Preview Assets.xcassets */; };
		89CB42072C3825DB00348279 /* SplashScreenView.swift in Sources */ = {isa = PBXBuildFile; fileRef = 89CB42062C3825DB00348279 /* SplashScreenView.swift */; };
/* End PBXBuildFile section */

/* Begin PBXFileReference section */
		892169682C41259E00DE277A /* ToolsView.swift */ = {isa = PBXFileReference; lastKnownFileType = sourcecode.swift; path = ToolsView.swift; sourceTree = "<group>"; };
		8921696C2C412A6200DE277A /* BluetoothManager.swift */ = {isa = PBXFileReference; lastKnownFileType = sourcecode.swift; path = BluetoothManager.swift; sourceTree = "<group>"; };
		893D143C2C41454B00747411 /* KinetixPeripheral.swift */ = {isa = PBXFileReference; lastKnownFileType = sourcecode.swift; path = KinetixPeripheral.swift; sourceTree = "<group>"; };
		89CB41F42C381C6400348279 /* KinetixHandControl.app */ = {isa = PBXFileReference; explicitFileType = wrapper.application; includeInIndex = 0; path = KinetixHandControl.app; sourceTree = BUILT_PRODUCTS_DIR; };
		89CB41F72C381C6400348279 /* KinetixHandControlApp.swift */ = {isa = PBXFileReference; lastKnownFileType = sourcecode.swift; path = KinetixHandControlApp.swift; sourceTree = "<group>"; };
		89CB41F92C381C6400348279 /* ContentView.swift */ = {isa = PBXFileReference; lastKnownFileType = sourcecode.swift; path = ContentView.swift; sourceTree = "<group>"; };
		89CB41FB2C381C6500348279 /* Assets.xcassets */ = {isa = PBXFileReference; lastKnownFileType = folder.assetcatalog; path = Assets.xcassets; sourceTree = "<group>"; };
		89CB41FE2C381C6500348279 /* Preview Assets.xcassets */ = {isa = PBXFileReference; lastKnownFileType = folder.assetcatalog; path = "Preview Assets.xcassets"; sourceTree = "<group>"; };
		89CB42052C381CA500348279 /* Info.plist */ = {isa = PBXFileReference; lastKnownFileType = text.plist; path = Info.plist; sourceTree = "<group>"; };
		89CB42062C3825DB00348279 /* SplashScreenView.swift */ = {isa = PBXFileReference; lastKnownFileType = sourcecode.swift; path = SplashScreenView.swift; sourceTree = "<group>"; };
/* End PBXFileReference section */

/* Begin PBXFrameworksBuildPhase section */
		89CB41F12C381C6400348279 /* Frameworks */ = {
			isa = PBXFrameworksBuildPhase;
			buildActionMask = 2147483647;
			files = (
			);
			runOnlyForDeploymentPostprocessing = 0;
		};
/* End PBXFrameworksBuildPhase section */

/* Begin PBXGroup section */
		893D143B2C41453C00747411 /* Models */ = {
			isa = PBXGroup;
			children = (
				893D143C2C41454B00747411 /* KinetixPeripheral.swift */,
			);
			path = Models;
			sourceTree = "<group>";
		};
		89CB41EB2C381C6300348279 = {
			isa = PBXGroup;
			children = (
				89CB41F62C381C6400348279 /* KinetixHandControl */,
				89CB41F52C381C6400348279 /* Products */,
			);
			sourceTree = "<group>";
		};
		89CB41F52C381C6400348279 /* Products */ = {
			isa = PBXGroup;
			children = (
				89CB41F42C381C6400348279 /* KinetixHandControl.app */,
			);
			name = Products;
			sourceTree = "<group>";
		};
		89CB41F62C381C6400348279 /* KinetixHandControl */ = {
			isa = PBXGroup;
			children = (
				893D143B2C41453C00747411 /* Models */,
				89CB42052C381CA500348279 /* Info.plist */,
				89CB41F72C381C6400348279 /* KinetixHandControlApp.swift */,
				89CB41F92C381C6400348279 /* ContentView.swift */,
				89CB41FB2C381C6500348279 /* Assets.xcassets */,
				89CB41FD2C381C6500348279 /* Preview Content */,
				89CB42062C3825DB00348279 /* SplashScreenView.swift */,
				892169682C41259E00DE277A /* ToolsView.swift */,
				8921696C2C412A6200DE277A /* BluetoothManager.swift */,
			);
			path = KinetixHandControl;
			sourceTree = "<group>";
		};
		89CB41FD2C381C6500348279 /* Preview Content */ = {
			isa = PBXGroup;
			children = (
				89CB41FE2C381C6500348279 /* Preview Assets.xcassets */,
			);
			path = "Preview Content";
			sourceTree = "<group>";
		};
/* End PBXGroup section */

/* Begin PBXNativeTarget section */
		89CB41F32C381C6400348279 /* KinetixHandControl */ = {
			isa = PBXNativeTarget;
			buildConfigurationList = 89CB42022C381C6500348279 /* Build configuration list for PBXNativeTarget "KinetixHandControl" */;
			buildPhases = (
				89CB41F02C381C6400348279 /* Sources */,
				89CB41F12C381C6400348279 /* Frameworks */,
				89CB41F22C381C6400348279 /* Resources */,
			);
			buildRules = (
			);
			dependencies = (
			);
			name = KinetixHandControl;
			productName = KinetixHandControl;
			productReference = 89CB41F42C381C6400348279 /* KinetixHandControl.app */;
			productType = "com.apple.product-type.application";
		};
/* End PBXNativeTarget section */

/* Begin PBXProject section */
		89CB41EC2C381C6300348279 /* Project object */ = {
			isa = PBXProject;
			attributes = {
				BuildIndependentTargetsInParallel = 1;
				LastSwiftUpdateCheck = 1540;
				LastUpgradeCheck = 1540;
				TargetAttributes = {
					89CB41F32C381C6400348279 = {
						CreatedOnToolsVersion = 15.4;
					};
				};
			};
			buildConfigurationList = 89CB41EF2C381C6300348279 /* Build configuration list for PBXProject "KinetixHandControl" */;
			compatibilityVersion = "Xcode 15.3";
			developmentRegion = en;
			hasScannedForEncodings = 0;
			knownRegions = (
				en,
				Base,
			);
			mainGroup = 89CB41EB2C381C6300348279;
			productRefGroup = 89CB41F52C381C6400348279 /* Products */;
			projectDirPath = "";
			projectRoot = "";
			targets = (
				89CB41F32C381C6400348279 /* KinetixHandControl */,
			);
		};
/* End PBXProject section */

/* Begin PBXResourcesBuildPhase section */
		89CB41F22C381C6400348279 /* Resources */ = {
			isa = PBXResourcesBuildPhase;
			buildActionMask = 2147483647;
			files = (
				89CB41FF2C381C6500348279 /* Preview Assets.xcassets in Resources */,
				89CB41FC2C381C6500348279 /* Assets.xcassets in Resources */,
			);
			runOnlyForDeploymentPostprocessing = 0;
		};
/* End PBXResourcesBuildPhase section */

/* Begin PBXSourcesBuildPhase section */
		89CB41F02C381C6400348279 /* Sources */ = {
			isa = PBXSourcesBuildPhase;
			buildActionMask = 2147483647;
			files = (
				89CB41FA2C381C6400348279 /* ContentView.swift in Sources */,
				89CB41F82C381C6400348279 /* KinetixHandControlApp.swift in Sources */,
				893D143D2C41454B00747411 /* KinetixPeripheral.swift in Sources */,
				892169692C41259E00DE277A /* ToolsView.swift in Sources */,
				89CB42072C3825DB00348279 /* SplashScreenView.swift in Sources */,
				8921696D2C412A6200DE277A /* BluetoothManager.swift in Sources */,
			);
			runOnlyForDeploymentPostprocessing = 0;
		};
/* End PBXSourcesBuildPhase section */

/* Begin XCBuildConfiguration section */
		89CB42002C381C6500348279 /* Debug */ = {
			isa = XCBuildConfiguration;
			buildSettings = {
				ALWAYS_SEARCH_USER_PATHS = NO;
				ASSETCATALOG_COMPILER_GENERATE_SWIFT_ASSET_SYMBOL_EXTENSIONS = YES;
				CLANG_ANALYZER_NONNULL = YES;
				CLANG_ANALYZER_NUMBER_OBJECT_CONVERSION = YES_AGGRESSIVE;
				CLANG_CXX_LANGUAGE_STANDARD = "gnu++20";
				CLANG_ENABLE_MODULES = YES;
				CLANG_ENABLE_OBJC_ARC = YES;
				CLANG_ENABLE_OBJC_WEAK = YES;
				CLANG_WARN_BLOCK_CAPTURE_AUTORELEASING = YES;
				CLANG_WARN_BOOL_CONVERSION = YES;
				CLANG_WARN_COMMA = YES;
				CLANG_WARN_CONSTANT_CONVERSION = YES;
				CLANG_WARN_DEPRECATED_OBJC_IMPLEMENTATIONS = YES;
				CLANG_WARN_DIRECT_OBJC_ISA_USAGE = YES_ERROR;
				CLANG_WARN_DOCUMENTATION_COMMENTS = YES;
				CLANG_WARN_EMPTY_BODY = YES;
				CLANG_WARN_ENUM_CONVERSION = YES;
				CLANG_WARN_INFINITE_RECURSION = YES;
				CLANG_WARN_INT_CONVERSION = YES;
				CLANG_WARN_NON_LITERAL_NULL_CONVERSION = YES;
				CLANG_WARN_OBJC_IMPLICIT_RETAIN_SELF = YES;
				CLANG_WARN_OBJC_LITERAL_CONVERSION = YES;
				CLANG_WARN_OBJC_ROOT_CLASS = YES_ERROR;
				CLANG_WARN_QUOTED_INCLUDE_IN_FRAMEWORK_HEADER = YES;
				CLANG_WARN_RANGE_LOOP_ANALYSIS = YES;
				CLANG_WARN_STRICT_PROTOTYPES = YES;
				CLANG_WARN_SUSPICIOUS_MOVE = YES;
				CLANG_WARN_UNGUARDED_AVAILABILITY = YES_AGGRESSIVE;
				CLANG_WARN_UNREACHABLE_CODE = YES;
				CLANG_WARN__DUPLICATE_METHOD_MATCH = YES;
				COPY_PHASE_STRIP = NO;
				DEBUG_INFORMATION_FORMAT = dwarf;
				ENABLE_STRICT_OBJC_MSGSEND = YES;
				ENABLE_TESTABILITY = YES;
				ENABLE_USER_SCRIPT_SANDBOXING = YES;
				GCC_C_LANGUAGE_STANDARD = gnu17;
				GCC_DYNAMIC_NO_PIC = NO;
				GCC_NO_COMMON_BLOCKS = YES;
				GCC_OPTIMIZATION_LEVEL = 0;
				GCC_PREPROCESSOR_DEFINITIONS = (
					"DEBUG=1",
					"$(inherited)",
				);
				GCC_WARN_64_TO_32_BIT_CONVERSION = YES;
				GCC_WARN_ABOUT_RETURN_TYPE = YES_ERROR;
				GCC_WARN_UNDECLARED_SELECTOR = YES;
				GCC_WARN_UNINITIALIZED_AUTOS = YES_AGGRESSIVE;
				GCC_WARN_UNUSED_FUNCTION = YES;
				GCC_WARN_UNUSED_VARIABLE = YES;
				IPHONEOS_DEPLOYMENT_TARGET = 17.5;
				LOCALIZATION_PREFERS_STRING_CATALOGS = YES;
				MTL_ENABLE_DEBUG_INFO = INCLUDE_SOURCE;
				MTL_FAST_MATH = YES;
				ONLY_ACTIVE_ARCH = YES;
				SDKROOT = iphoneos;
				SWIFT_ACTIVE_COMPILATION_CONDITIONS = "DEBUG $(inherited)";
				SWIFT_OPTIMIZATION_LEVEL = "-Onone";
			};
			name = Debug;
		};
		89CB42012C381C6500348279 /* Release */ = {
			isa = XCBuildConfiguration;
			buildSettings = {
				ALWAYS_SEARCH_USER_PATHS = NO;
				ASSETCATALOG_COMPILER_GENERATE_SWIFT_ASSET_SYMBOL_EXTENSIONS = YES;
				CLANG_ANALYZER_NONNULL = YES;
				CLANG_ANALYZER_NUMBER_OBJECT_CONVERSION = YES_AGGRESSIVE;
				CLANG_CXX_LANGUAGE_STANDARD = "gnu++20";
				CLANG_ENABLE_MODULES = YES;
				CLANG_ENABLE_OBJC_ARC = YES;
				CLANG_ENABLE_OBJC_WEAK = YES;
				CLANG_WARN_BLOCK_CAPTURE_AUTORELEASING = YES;
				CLANG_WARN_BOOL_CONVERSION = YES;
				CLANG_WARN_COMMA = YES;
				CLANG_WARN_CONSTANT_CONVERSION = YES;
				CLANG_WARN_DEPRECATED_OBJC_IMPLEMENTATIONS = YES;
				CLANG_WARN_DIRECT_OBJC_ISA_USAGE = YES_ERROR;
				CLANG_WARN_DOCUMENTATION_COMMENTS = YES;
				CLANG_WARN_EMPTY_BODY = YES;
				CLANG_WARN_ENUM_CONVERSION = YES;
				CLANG_WARN_INFINITE_RECURSION = YES;
				CLANG_WARN_INT_CONVERSION = YES;
				CLANG_WARN_NON_LITERAL_NULL_CONVERSION = YES;
				CLANG_WARN_OBJC_IMPLICIT_RETAIN_SELF = YES;
				CLANG_WARN_OBJC_LITERAL_CONVERSION = YES;
				CLANG_WARN_OBJC_ROOT_CLASS = YES_ERROR;
				CLANG_WARN_QUOTED_INCLUDE_IN_FRAMEWORK_HEADER = YES;
				CLANG_WARN_RANGE_LOOP_ANALYSIS = YES;
				CLANG_WARN_STRICT_PROTOTYPES = YES;
				CLANG_WARN_SUSPICIOUS_MOVE = YES;
				CLANG_WARN_UNGUARDED_AVAILABILITY = YES_AGGRESSIVE;
				CLANG_WARN_UNREACHABLE_CODE = YES;
				CLANG_WARN__DUPLICATE_METHOD_MATCH = YES;
				COPY_PHASE_STRIP = NO;
				DEBUG_INFORMATION_FORMAT = "dwarf-with-dsym";
				ENABLE_NS_ASSERTIONS = NO;
				ENABLE_STRICT_OBJC_MSGSEND = YES;
				ENABLE_USER_SCRIPT_SANDBOXING = YES;
				GCC_C_LANGUAGE_STANDARD = gnu17;
				GCC_NO_COMMON_BLOCKS = YES;
				GCC_WARN_64_TO_32_BIT_CONVERSION = YES;
				GCC_WARN_ABOUT_RETURN_TYPE = YES_ERROR;
				GCC_WARN_UNDECLARED_SELECTOR = YES;
				GCC_WARN_UNINITIALIZED_AUTOS = YES_AGGRESSIVE;
				GCC_WARN_UNUSED_FUNCTION = YES;
				GCC_WARN_UNUSED_VARIABLE = YES;
				IPHONEOS_DEPLOYMENT_TARGET = 17.5;
				LOCALIZATION_PREFERS_STRING_CATALOGS = YES;
				MTL_ENABLE_DEBUG_INFO = NO;
				MTL_FAST_MATH = YES;
				SDKROOT = iphoneos;
				SWIFT_COMPILATION_MODE = wholemodule;
				VALIDATE_PRODUCT = YES;
			};
			name = Release;
		};
		89CB42032C381C6500348279 /* Debug */ = {
			isa = XCBuildConfiguration;
			buildSettings = {
				ASSETCATALOG_COMPILER_APPICON_NAME = AppIcon;
				ASSETCATALOG_COMPILER_GLOBAL_ACCENT_COLOR_NAME = AccentColor;
				CODE_SIGN_STYLE = Automatic;
				CURRENT_PROJECT_VERSION = 1;
				DEVELOPMENT_ASSET_PATHS = "\"KinetixHandControl/Preview Content\"";
				DEVELOPMENT_TEAM = 43ALP9DLU9;
				ENABLE_PREVIEWS = YES;
				GENERATE_INFOPLIST_FILE = YES;
				INFOPLIST_FILE = KinetixHandControl/Info.plist;
				INFOPLIST_KEY_CFBundleDisplayName = Kinetix;
				INFOPLIST_KEY_LSApplicationCategoryType = "public.app-category.medical";
				INFOPLIST_KEY_NSBluetoothAlwaysUsageDescription = "App uses Bluetooth to connect to the Kinetix hand";
				INFOPLIST_KEY_NSBluetoothPeripheralUsageDescription = "App uses Bluetooth to connect to the Kinetix hand";
				INFOPLIST_KEY_NSMicrophoneUsageDescription = "App uses SpeechRecognition to detect commands";
				INFOPLIST_KEY_NSSpeechRecognitionUsageDescription = "App uses SpeechRecognition to detect commands";
				INFOPLIST_KEY_UIApplicationSceneManifest_Generation = YES;
				INFOPLIST_KEY_UIApplicationSupportsIndirectInputEvents = YES;
				INFOPLIST_KEY_UILaunchScreen_Generation = YES;
				INFOPLIST_KEY_UISupportedInterfaceOrientations = UIInterfaceOrientationPortrait;
				INFOPLIST_KEY_UISupportedInterfaceOrientations_iPad = "UIInterfaceOrientationPortrait UIInterfaceOrientationPortraitUpsideDown";
				LD_RUNPATH_SEARCH_PATHS = (
					"$(inherited)",
					"@executable_path/Frameworks",
				);
				MARKETING_VERSION = 1.0;
				PRODUCT_BUNDLE_IDENTIFIER = be.alhadeff.KinetixHandControl;
				PRODUCT_NAME = "$(TARGET_NAME)";
				SUPPORTED_PLATFORMS = "iphoneos iphonesimulator";
				SUPPORTS_MACCATALYST = NO;
				SUPPORTS_MAC_DESIGNED_FOR_IPHONE_IPAD = NO;
				SUPPORTS_XR_DESIGNED_FOR_IPHONE_IPAD = NO;
				SWIFT_EMIT_LOC_STRINGS = YES;
				SWIFT_VERSION = 5.0;
				TARGETED_DEVICE_FAMILY = 1;
			};
			name = Debug;
		};
		89CB42042C381C6500348279 /* Release */ = {
			isa = XCBuildConfiguration;
			buildSettings = {
				ASSETCATALOG_COMPILER_APPICON_NAME = AppIcon;
				ASSETCATALOG_COMPILER_GLOBAL_ACCENT_COLOR_NAME = AccentColor;
				CODE_SIGN_STYLE = Automatic;
				CURRENT_PROJECT_VERSION = 1;
				DEVELOPMENT_ASSET_PATHS = "\"KinetixHandControl/Preview Content\"";
				DEVELOPMENT_TEAM = 43ALP9DLU9;
				ENABLE_PREVIEWS = YES;
				GENERATE_INFOPLIST_FILE = YES;
				INFOPLIST_FILE = KinetixHandControl/Info.plist;
				INFOPLIST_KEY_CFBundleDisplayName = Kinetix;
				INFOPLIST_KEY_LSApplicationCategoryType = "public.app-category.medical";
				INFOPLIST_KEY_NSBluetoothAlwaysUsageDescription = "App uses Bluetooth to connect to the Kinetix hand";
				INFOPLIST_KEY_NSBluetoothPeripheralUsageDescription = "App uses Bluetooth to connect to the Kinetix hand";
				INFOPLIST_KEY_NSMicrophoneUsageDescription = "App uses SpeechRecognition to detect commands";
				INFOPLIST_KEY_NSSpeechRecognitionUsageDescription = "App uses SpeechRecognition to detect commands";
				INFOPLIST_KEY_UIApplicationSceneManifest_Generation = YES;
				INFOPLIST_KEY_UIApplicationSupportsIndirectInputEvents = YES;
				INFOPLIST_KEY_UILaunchScreen_Generation = YES;
				INFOPLIST_KEY_UISupportedInterfaceOrientations = UIInterfaceOrientationPortrait;
				INFOPLIST_KEY_UISupportedInterfaceOrientations_iPad = "UIInterfaceOrientationPortrait UIInterfaceOrientationPortraitUpsideDown";
				LD_RUNPATH_SEARCH_PATHS = (
					"$(inherited)",
					"@executable_path/Frameworks",
				);
				MARKETING_VERSION = 1.0;
				PRODUCT_BUNDLE_IDENTIFIER = be.alhadeff.KinetixHandControl;
				PRODUCT_NAME = "$(TARGET_NAME)";
				SUPPORTED_PLATFORMS = "iphoneos iphonesimulator";
				SUPPORTS_MACCATALYST = NO;
				SUPPORTS_MAC_DESIGNED_FOR_IPHONE_IPAD = NO;
				SUPPORTS_XR_DESIGNED_FOR_IPHONE_IPAD = NO;
				SWIFT_EMIT_LOC_STRINGS = YES;
				SWIFT_VERSION = 5.0;
				TARGETED_DEVICE_FAMILY = 1;
			};
			name = Release;
		};
/* End XCBuildConfiguration section */

/* Begin XCConfigurationList section */
		89CB41EF2C381C6300348279 /* Build configuration list for PBXProject "KinetixHandControl" */ = {
			isa = XCConfigurationList;
			buildConfigurations = (
				89CB42002C381C6500348279 /* Debug */,
				89CB42012C381C6500348279 /* Release */,
			);
			defaultConfigurationIsVisible = 0;
			defaultConfigurationName = Release;
		};
		89CB42022C381C6500348279 /* Build configuration list for PBXNativeTarget "KinetixHandControl" */ = {
			isa = XCConfigurationList;
			buildConfigurations = (
				89CB42032C381C6500348279 /* Debug */,
				89CB42042C381C6500348279 /* Release */,
			);
			defaultConfigurationIsVisible = 0;
			defaultConfigurationName = Release;
		};
/* End XCConfigurationList section */
	};
	rootObject = 89CB41EC2C381C6300348279 /* Project object */;
}
